
Microsoft Visual Studio Solution File, Format Version 12.00
Project("{FAE04EC0-301F-11D3-BF4B-00C04F79EFBC}") = "JwtService", "JwtService\JwtService.csproj", "{5EE97985-99FF-45F8-8F14-F06726A9FB4A}"
EndProject
Global
	GlobalSection(SolutionConfigurationPlatforms) = preSolution
		Debug|Any CPU = Debug|Any CPU
		Release|Any CPU = Release|Any CPU
	EndGlobalSection
	GlobalSection(ProjectConfigurationPlatforms) = postSolution
		{5EE97985-99FF-45F8-8F14-F06726A9FB4A}.Debug|Any CPU.ActiveCfg = Debug|Any CPU
		{5EE97985-99FF-45F8-8F14-F06726A9FB4A}.Debug|Any CPU.Build.0 = Debug|Any CPU
		{5EE97985-99FF-45F8-8F14-F06726A9FB4A}.Release|Any CPU.ActiveCfg = Release|Any CPU
		{5EE97985-99FF-45F8-8F14-F06726A9FB4A}.Release|Any CPU.Build.0 = Release|Any CPU
	EndGlobalSection
EndGlobal
